Microsoft Visual Studio Solution File, Format Version 12.00
# Visual Studio 15
VisualStudioVersion = 15.0.27004.2010
MinimumVisualStudioVersion = 10.0.40219.1
Project("{9A19103F-16F7-4668-BE54-9A1E7A4F7556}") = "Samples.AspNetCore.Facade", "Samples.AspNetCore.Facade\Samples.AspNetCore.Facade.csproj", "{89F6A0EA-6E06-4196-ADF5-65BD8B2BCBC9}"
EndProject
Project("{9A19103F-16F7-4668-BE54-9A1E7A4F7556}") = "Samples.AspNetCore.Api", "Samples.AspNetCore.Api\Samples.AspNetCore.Api.csproj", "{8F649A6D-E62C-4FEF-87DA-96BE017455DD}"
EndProject
Project("{2150E333-8FDC-42A3-9474-1A3956D46DE8}") = "Api", "Api", "{71A138D4-CEBC-440E-8A68-4CEEAF4321FD}"
EndProject
Project("{2150E333-8FDC-42A3-9474-1A3956D46DE8}") = "Facade", "Facade", "{D6C75D6D-BF60-4E4F-9AEE-6C58C892ED67}"
EndProject
Project("{2150E333-8FDC-42A3-9474-1A3956D46DE8}") = "Data", "Data", "{01A22E52-BF24-4ADA-A181-D1C53AB963CE}"
EndProject
Project("{2150E333-8FDC-42A3-9474-1A3956D46DE8}") = "Contracts", "Contracts", "{C5A08AF8-5900-4E1A-967B-306CB5416BB6}"
EndProject
Project("{9A19103F-16F7-4668-BE54-9A1E7A4F7556}") = "Samples.AspNetCore.Data.Contracts.Dto", "Samples.AspNetCore.Data.Contracts.Dto\Samples.AspNetCore.Data.Contracts.Dto.csproj", "{5F336615-18E1-437A-83F1-EA26A4421891}"
EndProject
Project("{9A19103F-16F7-4668-BE54-9A1E7A4F7556}") = "Samples.AspNetCore.Domain", "Samples.AspNetCore.Domain\Samples.AspNetCore.Domain.csproj", "{6FCF5693-2838-431D-979D-1B32A8F9E3F6}"
EndProject
Project("{2150E333-8FDC-42A3-9474-1A3956D46DE8}") = "Domain", "Domain", "{ABDE5425-F25D-46DD-9833-F207F9F135F6}"
EndProject
Project("{2150E333-8FDC-42A3-9474-1A3956D46DE8}") = "Fake", "Fake", "{DAD5261C-E023-4AE5-A053-8D889CE32CA7}"
EndProject
Project("{9A19103F-16F7-4668-BE54-9A1E7A4F7556}") = "Samples.AspNetCore.Data.Contracts.Providers", "Samples.AspNetCore.Data.Contracts.Providers\Samples.AspNetCore.Data.Contracts.Providers.csproj", "{8C83B67D-2BE8-433F-8053-68A5B5168DD1}"
EndProject
Project("{9A19103F-16F7-4668-BE54-9A1E7A4F7556}") = "Samples.AspNetCore.Data.Fake.ProviderBuilders", "Samples.AspNetCore.Data.Fake.ProviderBuilders\Samples.AspNetCore.Data.Fake.ProviderBuilders.csproj", "{3E0F33AA-F477-439E-AE64-545B5D6E7A76}"
EndProject
Project("{9A19103F-16F7-4668-BE54-9A1E7A4F7556}") = "Samples.AspNetCore.Data.Fake.Providers", "Samples.AspNetCore.Data.Fake.Providers\Samples.AspNetCore.Data.Fake.Providers.csproj", "{012CB5A6-7F5B-4B15-9F85-9A7420600832}"
EndProject
Global
	GlobalSection(SolutionConfigurationPlatforms) = preSolution
		Debug|Any CPU = Debug|Any CPU
		DebugWithFake|Any CPU = DebugWithFake|Any CPU
		Release|Any CPU = Release|Any CPU
	EndGlobalSection
	GlobalSection(ProjectConfigurationPlatforms) = postSolution
		{89F6A0EA-6E06-4196-ADF5-65BD8B2BCBC9}.Debug|Any CPU.ActiveCfg = Debug|Any CPU
		{89F6A0EA-6E06-4196-ADF5-65BD8B2BCBC9}.Debug|Any CPU.Build.0 = Debug|Any CPU
		{89F6A0EA-6E06-4196-ADF5-65BD8B2BCBC9}.DebugWithFake|Any CPU.ActiveCfg = DebugWithFake|Any CPU
		{89F6A0EA-6E06-4196-ADF5-65BD8B2BCBC9}.DebugWithFake|Any CPU.Build.0 = DebugWithFake|Any CPU
		{89F6A0EA-6E06-4196-ADF5-65BD8B2BCBC9}.Release|Any CPU.ActiveCfg = Release|Any CPU
		{89F6A0EA-6E06-4196-ADF5-65BD8B2BCBC9}.Release|Any CPU.Build.0 = Release|Any CPU
		{8F649A6D-E62C-4FEF-87DA-96BE017455DD}.Debug|Any CPU.ActiveCfg = Debug|Any CPU
		{8F649A6D-E62C-4FEF-87DA-96BE017455DD}.Debug|Any CPU.Build.0 = Debug|Any CPU
		{8F649A6D-E62C-4FEF-87DA-96BE017455DD}.DebugWithFake|Any CPU.ActiveCfg = DebugWithFake|Any CPU
		{8F649A6D-E62C-4FEF-87DA-96BE017455DD}.DebugWithFake|Any CPU.Build.0 = DebugWithFake|Any CPU
		{8F649A6D-E62C-4FEF-87DA-96BE017455DD}.Release|Any CPU.ActiveCfg = Release|Any CPU
		{8F649A6D-E62C-4FEF-87DA-96BE017455DD}.Release|Any CPU.Build.0 = Release|Any CPU
		{5F336615-18E1-437A-83F1-EA26A4421891}.Debug|Any CPU.ActiveCfg = Debug|Any CPU
		{5F336615-18E1-437A-83F1-EA26A4421891}.Debug|Any CPU.Build.0 = Debug|Any CPU
		{5F336615-18E1-437A-83F1-EA26A4421891}.DebugWithFake|Any CPU.ActiveCfg = DebugWithFake|Any CPU
		{5F336615-18E1-437A-83F1-EA26A4421891}.DebugWithFake|Any CPU.Build.0 = DebugWithFake|Any CPU
		{5F336615-18E1-437A-83F1-EA26A4421891}.Release|Any CPU.ActiveCfg = Release|Any CPU
		{5F336615-18E1-437A-83F1-EA26A4421891}.Release|Any CPU.Build.0 = Release|Any CPU
		{6FCF5693-2838-431D-979D-1B32A8F9E3F6}.Debug|Any CPU.ActiveCfg = Debug|Any CPU
		{6FCF5693-2838-431D-979D-1B32A8F9E3F6}.Debug|Any CPU.Build.0 = Debug|Any CPU
		{6FCF5693-2838-431D-979D-1B32A8F9E3F6}.DebugWithFake|Any CPU.ActiveCfg = DebugWithFake|Any CPU
		{6FCF5693-2838-431D-979D-1B32A8F9E3F6}.DebugWithFake|Any CPU.Build.0 = DebugWithFake|Any CPU
		{6FCF5693-2838-431D-979D-1B32A8F9E3F6}.Release|Any CPU.ActiveCfg = Release|Any CPU
		{6FCF5693-2838-431D-979D-1B32A8F9E3F6}.Release|Any CPU.Build.0 = Release|Any CPU
		{8C83B67D-2BE8-433F-8053-68A5B5168DD1}.Debug|Any CPU.ActiveCfg = Debug|Any CPU
		{8C83B67D-2BE8-433F-8053-68A5B5168DD1}.Debug|Any CPU.Build.0 = Debug|Any CPU
		{8C83B67D-2BE8-433F-8053-68A5B5168DD1}.DebugWithFake|Any CPU.ActiveCfg = DebugWithFake|Any CPU
		{8C83B67D-2BE8-433F-8053-68A5B5168DD1}.DebugWithFake|Any CPU.Build.0 = DebugWithFake|Any CPU
		{8C83B67D-2BE8-433F-8053-68A5B5168DD1}.Release|Any CPU.ActiveCfg = Release|Any CPU
		{8C83B67D-2BE8-433F-8053-68A5B5168DD1}.Release|Any CPU.Build.0 = Release|Any CPU
		{3E0F33AA-F477-439E-AE64-545B5D6E7A76}.Debug|Any CPU.ActiveCfg = Debug|Any CPU
		{3E0F33AA-F477-439E-AE64-545B5D6E7A76}.Debug|Any CPU.Build.0 = Debug|Any CPU
		{3E0F33AA-F477-439E-AE64-545B5D6E7A76}.DebugWithFake|Any CPU.ActiveCfg = DebugWithFake|Any CPU
		{3E0F33AA-F477-439E-AE64-545B5D6E7A76}.DebugWithFake|Any CPU.Build.0 = DebugWithFake|Any CPU
		{3E0F33AA-F477-439E-AE64-545B5D6E7A76}.Release|Any CPU.ActiveCfg = Release|Any CPU
		{3E0F33AA-F477-439E-AE64-545B5D6E7A76}.Release|Any CPU.Build.0 = Release|Any CPU
		{012CB5A6-7F5B-4B15-9F85-9A7420600832}.Debug|Any CPU.ActiveCfg = Debug|Any CPU
		{012CB5A6-7F5B-4B15-9F85-9A7420600832}.Debug|Any CPU.Build.0 = Debug|Any CPU
		{012CB5A6-7F5B-4B15-9F85-9A7420600832}.DebugWithFake|Any CPU.ActiveCfg = DebugWithFake|Any CPU
		{012CB5A6-7F5B-4B15-9F85-9A7420600832}.DebugWithFake|Any CPU.Build.0 = DebugWithFake|Any CPU
		{012CB5A6-7F5B-4B15-9F85-9A7420600832}.Release|Any CPU.ActiveCfg = Release|Any CPU
		{012CB5A6-7F5B-4B15-9F85-9A7420600832}.Release|Any CPU.Build.0 = Release|Any CPU
	EndGlobalSection
	GlobalSection(SolutionProperties) = preSolution
		HideSolutionNode = FALSE
	EndGlobalSection
	GlobalSection(NestedProjects) = preSolution
		{89F6A0EA-6E06-4196-ADF5-65BD8B2BCBC9} = {D6C75D6D-BF60-4E4F-9AEE-6C58C892ED67}
		{8F649A6D-E62C-4FEF-87DA-96BE017455DD} = {71A138D4-CEBC-440E-8A68-4CEEAF4321FD}
		{C5A08AF8-5900-4E1A-967B-306CB5416BB6} = {01A22E52-BF24-4ADA-A181-D1C53AB963CE}
		{5F336615-18E1-437A-83F1-EA26A4421891} = {C5A08AF8-5900-4E1A-967B-306CB5416BB6}
		{6FCF5693-2838-431D-979D-1B32A8F9E3F6} = {ABDE5425-F25D-46DD-9833-F207F9F135F6}
		{DAD5261C-E023-4AE5-A053-8D889CE32CA7} = {01A22E52-BF24-4ADA-A181-D1C53AB963CE}
		{8C83B67D-2BE8-433F-8053-68A5B5168DD1} = {C5A08AF8-5900-4E1A-967B-306CB5416BB6}
		{3E0F33AA-F477-439E-AE64-545B5D6E7A76} = {DAD5261C-E023-4AE5-A053-8D889CE32CA7}
		{012CB5A6-7F5B-4B15-9F85-9A7420600832} = {DAD5261C-E023-4AE5-A053-8D889CE32CA7}
	EndGlobalSection
	GlobalSection(ExtensibilityGlobals) = postSolution
		SolutionGuid = {3921FCBE-BA28-43DB-8C95-C82005B65BDC}
	EndGlobalSection
EndGlobal
