
Microsoft Visual Studio Solution File, Format Version 12.00
# Visual Studio 2012
Project("{FAE04EC0-301F-11D3-BF4B-00C04F79EFBC}") = "Samples.AspNetCore.Facade", "Samples.AspNetCore.Facade\Samples.AspNetCore.Facade.csproj", "{89F6A0EA-6E06-4196-ADF5-65BD8B2BCBC9}"
EndProject
Project("{FAE04EC0-301F-11D3-BF4B-00C04F79EFBC}") = "Samples.AspNetCore.Api", "Samples.AspNetCore.Api\Samples.AspNetCore.Api.csproj", "{8F649A6D-E62C-4FEF-87DA-96BE017455DD}"
EndProject
Project("{2150E333-8FDC-42A3-9474-1A3956D46DE8}") = "Api", "Api", "{71A138D4-CEBC-440E-8A68-4CEEAF4321FD}"
EndProject
Project("{2150E333-8FDC-42A3-9474-1A3956D46DE8}") = "Facade", "Facade", "{D6C75D6D-BF60-4E4F-9AEE-6C58C892ED67}"
EndProject
Project("{2150E333-8FDC-42A3-9474-1A3956D46DE8}") = "Data", "Data", "{01A22E52-BF24-4ADA-A181-D1C53AB963CE}"
EndProject
Project("{2150E333-8FDC-42A3-9474-1A3956D46DE8}") = "Contracts", "Contracts", "{C5A08AF8-5900-4E1A-967B-306CB5416BB6}"
EndProject
Project("{FAE04EC0-301F-11D3-BF4B-00C04F79EFBC}") = "Samples.AspNetCore.Data.Contracts.Dto", "Samples.AspNetCore.Data.Contracts.Dto\Samples.AspNetCore.Data.Contracts.Dto.csproj", "{5F336615-18E1-437A-83F1-EA26A4421891}"
EndProject
Global
	GlobalSection(SolutionConfigurationPlatforms) = preSolution
		Debug|Any CPU = Debug|Any CPU
		Release|Any CPU = Release|Any CPU
	EndGlobalSection
	GlobalSection(ProjectConfigurationPlatforms) = postSolution
		{89F6A0EA-6E06-4196-ADF5-65BD8B2BCBC9}.Debug|Any CPU.ActiveCfg = Debug|Any CPU
		{89F6A0EA-6E06-4196-ADF5-65BD8B2BCBC9}.Debug|Any CPU.Build.0 = Debug|Any CPU
		{89F6A0EA-6E06-4196-ADF5-65BD8B2BCBC9}.Release|Any CPU.ActiveCfg = Release|Any CPU
		{89F6A0EA-6E06-4196-ADF5-65BD8B2BCBC9}.Release|Any CPU.Build.0 = Release|Any CPU
		{8F649A6D-E62C-4FEF-87DA-96BE017455DD}.Debug|Any CPU.ActiveCfg = Debug|Any CPU
		{8F649A6D-E62C-4FEF-87DA-96BE017455DD}.Debug|Any CPU.Build.0 = Debug|Any CPU
		{8F649A6D-E62C-4FEF-87DA-96BE017455DD}.Release|Any CPU.ActiveCfg = Release|Any CPU
		{8F649A6D-E62C-4FEF-87DA-96BE017455DD}.Release|Any CPU.Build.0 = Release|Any CPU
		{5F336615-18E1-437A-83F1-EA26A4421891}.Debug|Any CPU.ActiveCfg = Debug|Any CPU
		{5F336615-18E1-437A-83F1-EA26A4421891}.Debug|Any CPU.Build.0 = Debug|Any CPU
		{5F336615-18E1-437A-83F1-EA26A4421891}.Release|Any CPU.ActiveCfg = Release|Any CPU
		{5F336615-18E1-437A-83F1-EA26A4421891}.Release|Any CPU.Build.0 = Release|Any CPU
	EndGlobalSection
	GlobalSection(NestedProjects) = preSolution
		{8F649A6D-E62C-4FEF-87DA-96BE017455DD} = {71A138D4-CEBC-440E-8A68-4CEEAF4321FD}
		{89F6A0EA-6E06-4196-ADF5-65BD8B2BCBC9} = {D6C75D6D-BF60-4E4F-9AEE-6C58C892ED67}
		{C5A08AF8-5900-4E1A-967B-306CB5416BB6} = {01A22E52-BF24-4ADA-A181-D1C53AB963CE}
		{5F336615-18E1-437A-83F1-EA26A4421891} = {C5A08AF8-5900-4E1A-967B-306CB5416BB6}
	EndGlobalSection
EndGlobal
